// !$*UTF8*$!
{
	archiveVersion = 1;
	classes = {
	};
	objectVersion = 44;
	objects = {

/* Begin PBXAggregateTarget section */
		1A01F13F0E2FB57A0060F6BD /* test executables */ = {
			isa = PBXAggregateTarget;
			buildConfigurationList = 1A01F1420E2FB5980060F6BD /* Build configuration list for PBXAggregateTarget "test executables" */;
			buildPhases = (
			);
			dependencies = (
				1A01F1440E2FB59C0060F6BD /* PBXTargetDependency */,
				1A01F1460E2FB59C0060F6BD /* PBXTargetDependency */,
				1A01F1480E2FB59C0060F6BD /* PBXTargetDependency */,
				1A7F84410E31281E00A61671 /* PBXTargetDependency */,
				1A7F846C0E312BB300A61671 /* PBXTargetDependency */,
			);
			name = "test executables";
			productName = "test executables";
		};
/* End PBXAggregateTarget section */

/* Begin PBXBuildFile section */
		1A01F13C0E2FB51C0060F6BD /* bcTest.cpp in Sources */ = {isa = PBXBuildFile; fileRef = 1A5E783E0E2FA1D60067740F /* bcTest.cpp */; };
		1A136B280E34D73800223ECC /* FVOneDimensional.h in Headers */ = {isa = PBXBuildFile; fileRef = 1A136B270E34D73800223ECC /* FVOneDimensional.h */; };
		1A4F295C0E2FBFAC00E819DB /* libaztecoo.a in Frameworks */ = {isa = PBXBuildFile; fileRef = 1A4F29590E2FBF9A00E819DB /* libaztecoo.a */; };
		1A4F295D0E2FBFAC00E819DB /* libepetra.a in Frameworks */ = {isa = PBXBuildFile; fileRef = 1A4F295A0E2FBF9A00E819DB /* libepetra.a */; };
		1A4F295E0E2FBFAC00E819DB /* libepetraext.a in Frameworks */ = {isa = PBXBuildFile; fileRef = 1A4F295B0E2FBF9A00E819DB /* libepetraext.a */; };
		1A4F29630E2FBFDC00E819DB /* libteuchos.a in Frameworks */ = {isa = PBXBuildFile; fileRef = 1A4F29620E2FBFD700E819DB /* libteuchos.a */; };
		1A4F29640E2FC03000E819DB /* libspatialops.a in Frameworks */ = {isa = PBXBuildFile; fileRef = D2AAC046055464E500DB518D /* libspatialops.a */; };
		1A4F29750E2FC11700E819DB /* libaztecoo.a in Frameworks */ = {isa = PBXBuildFile; fileRef = 1A4F29590E2FBF9A00E819DB /* libaztecoo.a */; };
		1A4F29760E2FC11700E819DB /* libteuchos.a in Frameworks */ = {isa = PBXBuildFile; fileRef = 1A4F29620E2FBFD700E819DB /* libteuchos.a */; };
		1A4F29770E2FC11700E819DB /* libepetra.a in Frameworks */ = {isa = PBXBuildFile; fileRef = 1A4F295A0E2FBF9A00E819DB /* libepetra.a */; };
		1A4F29780E2FC11700E819DB /* libepetraext.a in Frameworks */ = {isa = PBXBuildFile; fileRef = 1A4F295B0E2FBF9A00E819DB /* libepetraext.a */; };
		1A4F29790E2FC11700E819DB /* libspatialops.a in Frameworks */ = {isa = PBXBuildFile; fileRef = D2AAC046055464E500DB518D /* libspatialops.a */; };
		1A4F297A0E2FC11F00E819DB /* libaztecoo.a in Frameworks */ = {isa = PBXBuildFile; fileRef = 1A4F29590E2FBF9A00E819DB /* libaztecoo.a */; };
		1A4F297B0E2FC11F00E819DB /* libteuchos.a in Frameworks */ = {isa = PBXBuildFile; fileRef = 1A4F29620E2FBFD700E819DB /* libteuchos.a */; };
		1A4F297C0E2FC11F00E819DB /* libepetra.a in Frameworks */ = {isa = PBXBuildFile; fileRef = 1A4F295A0E2FBF9A00E819DB /* libepetra.a */; };
		1A4F297D0E2FC11F00E819DB /* libepetraext.a in Frameworks */ = {isa = PBXBuildFile; fileRef = 1A4F295B0E2FBF9A00E819DB /* libepetraext.a */; };
		1A4F297E0E2FC11F00E819DB /* libspatialops.a in Frameworks */ = {isa = PBXBuildFile; fileRef = D2AAC046055464E500DB518D /* libspatialops.a */; };
		1A4F29860E2FC16100E819DB /* buildOps.cpp in Sources */ = {isa = PBXBuildFile; fileRef = 1A5E77FD0E2F9E530067740F /* buildOps.cpp */; };
		1A4F29890E2FC18C00E819DB /* buildOps.o in Frameworks */ = {isa = PBXBuildFile; fileRef = 1A4F29820E2FC13600E819DB /* buildOps.o */; };
		1A4F298A0E2FC18E00E819DB /* buildOps.o in Frameworks */ = {isa = PBXBuildFile; fileRef = 1A4F29820E2FC13600E819DB /* buildOps.o */; };
		1A4F298B0E2FC19300E819DB /* buildOps.o in Frameworks */ = {isa = PBXBuildFile; fileRef = 1A4F29820E2FC13600E819DB /* buildOps.o */; };
		1A5E77830E2F97920067740F /* LinAlgTrilinos.cpp in Sources */ = {isa = PBXBuildFile; fileRef = 1A5E77800E2F97920067740F /* LinAlgTrilinos.cpp */; };
		1A5E77840E2F97920067740F /* LinAlgUBlas.cpp in Sources */ = {isa = PBXBuildFile; fileRef = 1A5E77810E2F97920067740F /* LinAlgUBlas.cpp */; };
		1A5E77850E2F97920067740F /* LinearSystem.cpp in Sources */ = {isa = PBXBuildFile; fileRef = 1A5E77820E2F97920067740F /* LinearSystem.cpp */; };
		1A5E781E0E2F9EAB0067740F /* testPoisson.cpp in Sources */ = {isa = PBXBuildFile; fileRef = 1A5E781D0E2F9EAB0067740F /* testPoisson.cpp */; };
		1A5E78410E2FA2130067740F /* testNew.cpp in Sources */ = {isa = PBXBuildFile; fileRef = 1A5E78010E2F9E530067740F /* testNew.cpp */; };
		1A7F84280E3124DF00A61671 /* LagrangePoly.cpp in Sources */ = {isa = PBXBuildFile; fileRef = 1A7F84260E3124D300A61671 /* LagrangePoly.cpp */; };
		1A7F843F0E31280A00A61671 /* testLagrange.cpp in Sources */ = {isa = PBXBuildFile; fileRef = 1A7F84370E3127CD00A61671 /* testLagrange.cpp */; };
		1A7F84460E3128A100A61671 /* LagrangePoly.cpp in Sources */ = {isa = PBXBuildFile; fileRef = 1A7F84260E3124D300A61671 /* LagrangePoly.cpp */; };
		1A7F84650E312B8900A61671 /* libspatialops.a in Frameworks */ = {isa = PBXBuildFile; fileRef = D2AAC046055464E500DB518D /* libspatialops.a */; };
		1A7F84660E312BA600A61671 /* libaztecoo.a in Frameworks */ = {isa = PBXBuildFile; fileRef = 1A4F29590E2FBF9A00E819DB /* libaztecoo.a */; };
		1A7F84670E312BA600A61671 /* libteuchos.a in Frameworks */ = {isa = PBXBuildFile; fileRef = 1A4F29620E2FBFD700E819DB /* libteuchos.a */; };
		1A7F84680E312BA600A61671 /* libepetra.a in Frameworks */ = {isa = PBXBuildFile; fileRef = 1A4F295A0E2FBF9A00E819DB /* libepetra.a */; };
		1A7F84690E312BA600A61671 /* libepetraext.a in Frameworks */ = {isa = PBXBuildFile; fileRef = 1A4F295B0E2FBF9A00E819DB /* libepetraext.a */; };
		1A7F847E0E312E1300A61671 /* testOneDim.cpp in Sources */ = {isa = PBXBuildFile; fileRef = 1A7F847D0E312E1300A61671 /* testOneDim.cpp */; };
		1A9AF7F00E2FCC04003E8A7D /* FieldFunctions.h in Headers */ = {isa = PBXBuildFile; fileRef = 1A01F0DC0E2FA88C0060F6BD /* FieldFunctions.h */; settings = {ATTRIBUTES = (Public, ); }; };
		1A9AF7F10E2FCC04003E8A7D /* FVStaggered.h in Headers */ = {isa = PBXBuildFile; fileRef = 1A5E77890E2F97A10067740F /* FVStaggered.h */; settings = {ATTRIBUTES = (Public, ); }; };
		1A9AF7F20E2FCC04003E8A7D /* FVStaggeredBCTools.h in Headers */ = {isa = PBXBuildFile; fileRef = 1A5E778A0E2F97A10067740F /* FVStaggeredBCTools.h */; settings = {ATTRIBUTES = (Public, ); }; };
		1A9AF7F30E2FCC04003E8A7D /* FVStaggeredDivergence.h in Headers */ = {isa = PBXBuildFile; fileRef = 1A5E778B0E2F97A10067740F /* FVStaggeredDivergence.h */; settings = {ATTRIBUTES = (Public, ); }; };
		1A9AF7F40E2FCC04003E8A7D /* FVStaggeredGradient.h in Headers */ = {isa = PBXBuildFile; fileRef = 1A5E778C0E2F97A10067740F /* FVStaggeredGradient.h */; settings = {ATTRIBUTES = (Public, ); }; };
		1A9AF7F50E2FCC04003E8A7D /* FVStaggeredIndexHelper.h in Headers */ = {isa = PBXBuildFile; fileRef = 1A5E778D0E2F97A10067740F /* FVStaggeredIndexHelper.h */; settings = {ATTRIBUTES = (Public, ); }; };
		1A9AF7F60E2FCC04003E8A7D /* FVStaggeredInterpolant.h in Headers */ = {isa = PBXBuildFile; fileRef = 1A5E778E0E2F97A10067740F /* FVStaggeredInterpolant.h */; settings = {ATTRIBUTES = (Public, ); }; };
		1A9AF7F70E2FCC04003E8A7D /* FVStaggeredScratch.h in Headers */ = {isa = PBXBuildFile; fileRef = 1A5E778F0E2F97A10067740F /* FVStaggeredScratch.h */; settings = {ATTRIBUTES = (Public, ); }; };
		1A9AF7F80E2FCC04003E8A7D /* FVStaggeredTools.h in Headers */ = {isa = PBXBuildFile; fileRef = 1A5E77900E2F97A10067740F /* FVStaggeredTools.h */; settings = {ATTRIBUTES = (Public, ); }; };
		1A9AF7F90E2FCC04003E8A7D /* FVStaggeredTypes.h in Headers */ = {isa = PBXBuildFile; fileRef = 1A5E77910E2F97A10067740F /* FVStaggeredTypes.h */; settings = {ATTRIBUTES = (Public, ); }; };
		1A9AF7FA0E2FCC04003E8A7D /* LinAlgTrilinos.h in Headers */ = {isa = PBXBuildFile; fileRef = 1A5E77920E2F97A10067740F /* LinAlgTrilinos.h */; settings = {ATTRIBUTES = (Public, ); }; };
		1A9AF7FB0E2FCC04003E8A7D /* LinAlgUBlas.h in Headers */ = {isa = PBXBuildFile; fileRef = 1A5E77930E2F97A10067740F /* LinAlgUBlas.h */; settings = {ATTRIBUTES = (Public, ); }; };
		1A9AF7FC0E2FCC04003E8A7D /* LinearSystem.h in Headers */ = {isa = PBXBuildFile; fileRef = 1A5E77940E2F97A10067740F /* LinearSystem.h */; settings = {ATTRIBUTES = (Public, ); }; };
		1A9AF7FD0E2FCC04003E8A7D /* SFIterator.h in Headers */ = {isa = PBXBuildFile; fileRef = 1A5E77950E2F97A10067740F /* SFIterator.h */; settings = {ATTRIBUTES = (Public, ); }; };
		1A9AF7FE0E2FCC04003E8A7D /* SpatialField.h in Headers */ = {isa = PBXBuildFile; fileRef = 1A5E77960E2F97A10067740F /* SpatialField.h */; settings = {ATTRIBUTES = (Public, ); }; };
		1A9AF7FF0E2FCC04003E8A7D /* SpatialFieldStore.h in Headers */ = {isa = PBXBuildFile; fileRef = 1A5E77970E2F97A10067740F /* SpatialFieldStore.h */; settings = {ATTRIBUTES = (Public, ); }; };
		1A9AF8000E2FCC04003E8A7D /* SpatialOperator.h in Headers */ = {isa = PBXBuildFile; fileRef = 1A5E77980E2F97A10067740F /* SpatialOperator.h */; settings = {ATTRIBUTES = (Public, ); }; };
		1A9AF8010E2FCC04003E8A7D /* SpatialOpsDefs.h in Headers */ = {isa = PBXBuildFile; fileRef = 1A5E77990E2F97A10067740F /* SpatialOpsDefs.h */; settings = {ATTRIBUTES = (Public, ); }; };
		1A9AF8020E2FCC04003E8A7D /* SpatialOpsTools.h in Headers */ = {isa = PBXBuildFile; fileRef = 1A5E779A0E2F97A10067740F /* SpatialOpsTools.h */; settings = {ATTRIBUTES = (Public, ); }; };
		1AB3ABFE0E3653880006F60F /* OperatorDatabase.h in Headers */ = {isa = PBXBuildFile; fileRef = 1AB3ABE20E36536A0006F60F /* OperatorDatabase.h */; };
		1AEFAFAF0E34D6D000185CAC /* FVOneDimensional.cpp in Sources */ = {isa = PBXBuildFile; fileRef = 1AEFAFAE0E34D6D000185CAC /* FVOneDimensional.cpp */; };
/* End PBXBuildFile section */

/* Begin PBXContainerItemProxy section */
		1A01F1300E2FB4E00060F6BD /* PBXContainerItemProxy */ = {
			isa = PBXContainerItemProxy;
			containerPortal = 08FB7793FE84155DC02AAC07 /* Project object */;
			proxyType = 1;
			remoteGlobalIDString = D2AAC045055464E500DB518D;
			remoteInfo = spatialops;
		};
		1A01F1430E2FB59C0060F6BD /* PBXContainerItemProxy */ = {
			isa = PBXContainerItemProxy;
			containerPortal = 08FB7793FE84155DC02AAC07 /* Project object */;
			proxyType = 1;
			remoteGlobalIDString = 1A5E77F80E2F9E3D0067740F;
			remoteInfo = test;
		};
		1A01F1450E2FB59C0060F6BD /* PBXContainerItemProxy */ = {
			isa = PBXContainerItemProxy;
			containerPortal = 08FB7793FE84155DC02AAC07 /* Project object */;
			proxyType = 1;
			remoteGlobalIDString = 1A5E78180E2F9E960067740F;
			remoteInfo = poisson;
		};
		1A01F1470E2FB59C0060F6BD /* PBXContainerItemProxy */ = {
			isa = PBXContainerItemProxy;
			containerPortal = 08FB7793FE84155DC02AAC07 /* Project object */;
			proxyType = 1;
			remoteGlobalIDString = 1A01F12E0E2FB4E00060F6BD;
			remoteInfo = simplebc;
		};
		1A4F29900E2FC1F700E819DB /* PBXContainerItemProxy */ = {
			isa = PBXContainerItemProxy;
			containerPortal = 08FB7793FE84155DC02AAC07 /* Project object */;
			proxyType = 1;
			remoteGlobalIDString = D2AAC045055464E500DB518D;
			remoteInfo = spatialops;
		};
		1A4F29920E2FC1F700E819DB /* PBXContainerItemProxy */ = {
			isa = PBXContainerItemProxy;
			containerPortal = 08FB7793FE84155DC02AAC07 /* Project object */;
			proxyType = 1;
			remoteGlobalIDString = 1A4F29810E2FC13600E819DB;
			remoteInfo = buildOps;
		};
		1A4F29950E2FC21E00E819DB /* PBXContainerItemProxy */ = {
			isa = PBXContainerItemProxy;
			containerPortal = 08FB7793FE84155DC02AAC07 /* Project object */;
			proxyType = 1;
			remoteGlobalIDString = 1A4F29810E2FC13600E819DB;
			remoteInfo = buildOps;
		};
		1A4F29970E2FC22500E819DB /* PBXContainerItemProxy */ = {
			isa = PBXContainerItemProxy;
			containerPortal = 08FB7793FE84155DC02AAC07 /* Project object */;
			proxyType = 1;
			remoteGlobalIDString = 1A4F29810E2FC13600E819DB;
			remoteInfo = buildOps;
		};
		1A5E78210E2F9ECA0067740F /* PBXContainerItemProxy */ = {
			isa = PBXContainerItemProxy;
			containerPortal = 08FB7793FE84155DC02AAC07 /* Project object */;
			proxyType = 1;
			remoteGlobalIDString = D2AAC045055464E500DB518D;
			remoteInfo = spatialops;
		};
		1A7F84400E31281E00A61671 /* PBXContainerItemProxy */ = {
			isa = PBXContainerItemProxy;
			containerPortal = 08FB7793FE84155DC02AAC07 /* Project object */;
			proxyType = 1;
			remoteGlobalIDString = 1A7F843A0E3127F100A61671;
			remoteInfo = testLagrange;
		};
		1A7F84630E312B7600A61671 /* PBXContainerItemProxy */ = {
			isa = PBXContainerItemProxy;
			containerPortal = 08FB7793FE84155DC02AAC07 /* Project object */;
			proxyType = 1;
			remoteGlobalIDString = D2AAC045055464E500DB518D;
			remoteInfo = spatialops;
		};
		1A7F846B0E312BB300A61671 /* PBXContainerItemProxy */ = {
			isa = PBXContainerItemProxy;
			containerPortal = 08FB7793FE84155DC02AAC07 /* Project object */;
			proxyType = 1;
			remoteGlobalIDString = 1A7F845E0E312B6B00A61671;
			remoteInfo = testOneDim;
		};
/* End PBXContainerItemProxy section */

/* Begin PBXFileReference section */
		1A01F0D80E2FA8510060F6BD /* buildOps.h */ = {isa = PBXFileReference; fileEncoding = 4; lastKnownFileType = sourcecode.c.h; name = buildOps.h; path = ../test/buildOps.h; sourceTree = SOURCE_ROOT; };
		1A01F0D90E2FA8510060F6BD /* Functions.h */ = {isa = PBXFileReference; fileEncoding = 4; lastKnownFileType = sourcecode.c.h; name = Functions.h; path = ../test/Functions.h; sourceTree = SOURCE_ROOT; };
		1A01F0DA0E2FA8510060F6BD /* Grid.h */ = {isa = PBXFileReference; fileEncoding = 4; lastKnownFileType = sourcecode.c.h; name = Grid.h; path = ../test/Grid.h; sourceTree = SOURCE_ROOT; };
		1A01F0DC0E2FA88C0060F6BD /* FieldFunctions.h */ = {isa = PBXFileReference; fileEncoding = 4; lastKnownFileType = sourcecode.c.h; name = FieldFunctions.h; path = ../include/FieldFunctions.h; sourceTree = SOURCE_ROOT; };
		1A01F1380E2FB4E00060F6BD /* simplebc */ = {isa = PBXFileReference; explicitFileType = "compiled.mach-o.executable"; includeInIndex = 0; path = simplebc; sourceTree = BUILT_PRODUCTS_DIR; };
		1A136B270E34D73800223ECC /* FVOneDimensional.h */ = {isa = PBXFileReference; fileEncoding = 4; lastKnownFileType = sourcecode.c.h; name = FVOneDimensional.h; path = ../include/FVOneDimensional.h; sourceTree = SOURCE_ROOT; };
		1A4F29590E2FBF9A00E819DB /* libaztecoo.a */ = {isa = PBXFileReference; lastKnownFileType = archive.ar; name = libaztecoo.a; path = /jcs/software/trilinos_opt/lib/libaztecoo.a; sourceTree = "<absolute>"; };
		1A4F295A0E2FBF9A00E819DB /* libepetra.a */ = {isa = PBXFileReference; lastKnownFileType = archive.ar; name = libepetra.a; path = /jcs/software/trilinos_opt/lib/libepetra.a; sourceTree = "<absolute>"; };
		1A4F295B0E2FBF9A00E819DB /* libepetraext.a */ = {isa = PBXFileReference; lastKnownFileType = archive.ar; name = libepetraext.a; path = /jcs/software/trilinos_opt/lib/libepetraext.a; sourceTree = "<absolute>"; };
		1A4F29620E2FBFD700E819DB /* libteuchos.a */ = {isa = PBXFileReference; lastKnownFileType = archive.ar; name = libteuchos.a; path = /jcs/software/trilinos_opt/lib/libteuchos.a; sourceTree = "<absolute>"; };
		1A4F29820E2FC13600E819DB /* buildOps.o */ = {isa = PBXFileReference; explicitFileType = "compiled.mach-o.objfile"; includeInIndex = 0; path = buildOps.o; sourceTree = BUILT_PRODUCTS_DIR; };
		1A5E77800E2F97920067740F /* LinAlgTrilinos.cpp */ = {isa = PBXFileReference; fileEncoding = 4; lastKnownFileType = sourcecode.cpp.cpp; name = LinAlgTrilinos.cpp; path = ../src/LinAlgTrilinos.cpp; sourceTree = SOURCE_ROOT; };
		1A5E77810E2F97920067740F /* LinAlgUBlas.cpp */ = {isa = PBXFileReference; fileEncoding = 4; lastKnownFileType = sourcecode.cpp.cpp; name = LinAlgUBlas.cpp; path = ../src/LinAlgUBlas.cpp; sourceTree = SOURCE_ROOT; };
		1A5E77820E2F97920067740F /* LinearSystem.cpp */ = {isa = PBXFileReference; fileEncoding = 4; lastKnownFileType = sourcecode.cpp.cpp; name = LinearSystem.cpp; path = ../src/LinearSystem.cpp; sourceTree = SOURCE_ROOT; };
		1A5E77890E2F97A10067740F /* FVStaggered.h */ = {isa = PBXFileReference; fileEncoding = 4; lastKnownFileType = sourcecode.c.h; name = FVStaggered.h; path = ../include/FVStaggered.h; sourceTree = SOURCE_ROOT; };
		1A5E778A0E2F97A10067740F /* FVStaggeredBCTools.h */ = {isa = PBXFileReference; fileEncoding = 4; lastKnownFileType = sourcecode.c.h; name = FVStaggeredBCTools.h; path = ../include/FVStaggeredBCTools.h; sourceTree = SOURCE_ROOT; };
		1A5E778B0E2F97A10067740F /* FVStaggeredDivergence.h */ = {isa = PBXFileReference; fileEncoding = 4; lastKnownFileType = sourcecode.c.h; name = FVStaggeredDivergence.h; path = ../include/FVStaggeredDivergence.h; sourceTree = SOURCE_ROOT; };
		1A5E778C0E2F97A10067740F /* FVStaggeredGradient.h */ = {isa = PBXFileReference; fileEncoding = 4; lastKnownFileType = sourcecode.c.h; name = FVStaggeredGradient.h; path = ../include/FVStaggeredGradient.h; sourceTree = SOURCE_ROOT; };
		1A5E778D0E2F97A10067740F /* FVStaggeredIndexHelper.h */ = {isa = PBXFileReference; fileEncoding = 4; lastKnownFileType = sourcecode.c.h; name = FVStaggeredIndexHelper.h; path = ../include/FVStaggeredIndexHelper.h; sourceTree = SOURCE_ROOT; };
		1A5E778E0E2F97A10067740F /* FVStaggeredInterpolant.h */ = {isa = PBXFileReference; fileEncoding = 4; lastKnownFileType = sourcecode.c.h; name = FVStaggeredInterpolant.h; path = ../include/FVStaggeredInterpolant.h; sourceTree = SOURCE_ROOT; };
		1A5E778F0E2F97A10067740F /* FVStaggeredScratch.h */ = {isa = PBXFileReference; fileEncoding = 4; lastKnownFileType = sourcecode.c.h; name = FVStaggeredScratch.h; path = ../include/FVStaggeredScratch.h; sourceTree = SOURCE_ROOT; };
		1A5E77900E2F97A10067740F /* FVStaggeredTools.h */ = {isa = PBXFileReference; fileEncoding = 4; lastKnownFileType = sourcecode.c.h; name = FVStaggeredTools.h; path = ../include/FVStaggeredTools.h; sourceTree = SOURCE_ROOT; };
		1A5E77910E2F97A10067740F /* FVStaggeredTypes.h */ = {isa = PBXFileReference; fileEncoding = 4; lastKnownFileType = sourcecode.c.h; name = FVStaggeredTypes.h; path = ../include/FVStaggeredTypes.h; sourceTree = SOURCE_ROOT; };
		1A5E77920E2F97A10067740F /* LinAlgTrilinos.h */ = {isa = PBXFileReference; fileEncoding = 4; lastKnownFileType = sourcecode.c.h; name = LinAlgTrilinos.h; path = ../include/LinAlgTrilinos.h; sourceTree = SOURCE_ROOT; };
		1A5E77930E2F97A10067740F /* LinAlgUBlas.h */ = {isa = PBXFileReference; fileEncoding = 4; lastKnownFileType = sourcecode.c.h; name = LinAlgUBlas.h; path = ../include/LinAlgUBlas.h; sourceTree = SOURCE_ROOT; };
		1A5E77940E2F97A10067740F /* LinearSystem.h */ = {isa = PBXFileReference; fileEncoding = 4; lastKnownFileType = sourcecode.c.h; name = LinearSystem.h; path = ../include/LinearSystem.h; sourceTree = SOURCE_ROOT; };
		1A5E77950E2F97A10067740F /* SFIterator.h */ = {isa = PBXFileReference; fileEncoding = 4; lastKnownFileType = sourcecode.c.h; name = SFIterator.h; path = ../include/SFIterator.h; sourceTree = SOURCE_ROOT; };
		1A5E77960E2F97A10067740F /* SpatialField.h */ = {isa = PBXFileReference; fileEncoding = 4; lastKnownFileType = sourcecode.c.h; name = SpatialField.h; path = ../include/SpatialField.h; sourceTree = SOURCE_ROOT; };
		1A5E77970E2F97A10067740F /* SpatialFieldStore.h */ = {isa = PBXFileReference; fileEncoding = 4; lastKnownFileType = sourcecode.c.h; name = SpatialFieldStore.h; path = ../include/SpatialFieldStore.h; sourceTree = SOURCE_ROOT; };
		1A5E77980E2F97A10067740F /* SpatialOperator.h */ = {isa = PBXFileReference; fileEncoding = 4; lastKnownFileType = sourcecode.c.h; name = SpatialOperator.h; path = ../include/SpatialOperator.h; sourceTree = SOURCE_ROOT; };
		1A5E77990E2F97A10067740F /* SpatialOpsDefs.h */ = {isa = PBXFileReference; fileEncoding = 4; lastKnownFileType = sourcecode.c.h; name = SpatialOpsDefs.h; path = ../include/SpatialOpsDefs.h; sourceTree = SOURCE_ROOT; };
		1A5E779A0E2F97A10067740F /* SpatialOpsTools.h */ = {isa = PBXFileReference; fileEncoding = 4; lastKnownFileType = sourcecode.c.h; name = SpatialOpsTools.h; path = ../include/SpatialOpsTools.h; sourceTree = SOURCE_ROOT; };
		1A5E77F90E2F9E3D0067740F /* test */ = {isa = PBXFileReference; explicitFileType = "compiled.mach-o.executable"; includeInIndex = 0; path = test; sourceTree = BUILT_PRODUCTS_DIR; };
		1A5E77FD0E2F9E530067740F /* buildOps.cpp */ = {isa = PBXFileReference; fileEncoding = 4; lastKnownFileType = sourcecode.cpp.cpp; name = buildOps.cpp; path = ../test/buildOps.cpp; sourceTree = SOURCE_ROOT; };
		1A5E78010E2F9E530067740F /* testNew.cpp */ = {isa = PBXFileReference; fileEncoding = 4; lastKnownFileType = sourcecode.cpp.cpp; name = testNew.cpp; path = ../test/testNew.cpp; sourceTree = SOURCE_ROOT; };
		1A5E78190E2F9E960067740F /* poisson */ = {isa = PBXFileReference; explicitFileType = "compiled.mach-o.executable"; includeInIndex = 0; path = poisson; sourceTree = BUILT_PRODUCTS_DIR; };
		1A5E781D0E2F9EAB0067740F /* testPoisson.cpp */ = {isa = PBXFileReference; fileEncoding = 4; lastKnownFileType = sourcecode.cpp.cpp; name = testPoisson.cpp; path = ../test/testPoisson.cpp; sourceTree = SOURCE_ROOT; };
		1A5E783E0E2FA1D60067740F /* bcTest.cpp */ = {isa = PBXFileReference; fileEncoding = 4; lastKnownFileType = sourcecode.cpp.cpp; name = bcTest.cpp; path = ../test/bcTest.cpp; sourceTree = SOURCE_ROOT; };
		1A79F2E10E3647DA009BD4C3 /* opStoreTest.cpp */ = {isa = PBXFileReference; fileEncoding = 4; lastKnownFileType = sourcecode.cpp.cpp; name = opStoreTest.cpp; path = ../test/opStoreTest.cpp; sourceTree = SOURCE_ROOT; };
		1A7F84260E3124D300A61671 /* LagrangePoly.cpp */ = {isa = PBXFileReference; fileEncoding = 4; lastKnownFileType = sourcecode.cpp.cpp; name = LagrangePoly.cpp; path = ../src/LagrangePoly.cpp; sourceTree = SOURCE_ROOT; };
		1A7F84290E3124F400A61671 /* LagrangePoly.h */ = {isa = PBXFileReference; fileEncoding = 4; lastKnownFileType = sourcecode.c.h; name = LagrangePoly.h; path = ../include/LagrangePoly.h; sourceTree = SOURCE_ROOT; };
		1A7F84370E3127CD00A61671 /* testLagrange.cpp */ = {isa = PBXFileReference; fileEncoding = 4; lastKnownFileType = sourcecode.cpp.cpp; name = testLagrange.cpp; path = ../test/testLagrange.cpp; sourceTree = SOURCE_ROOT; };
		1A7F843B0E3127F100A61671 /* testLagrange */ = {isa = PBXFileReference; explicitFileType = "compiled.mach-o.executable"; includeInIndex = 0; path = testLagrange; sourceTree = BUILT_PRODUCTS_DIR; };
		1A7F845F0E312B6B00A61671 /* testOneDim */ = {isa = PBXFileReference; explicitFileType = "compiled.mach-o.executable"; includeInIndex = 0; path = testOneDim; sourceTree = BUILT_PRODUCTS_DIR; };
		1A7F847D0E312E1300A61671 /* testOneDim.cpp */ = {isa = PBXFileReference; fileEncoding = 4; lastKnownFileType = sourcecode.cpp.cpp; name = testOneDim.cpp; path = ../test/testOneDim.cpp; sourceTree = SOURCE_ROOT; };
		1AB3ABE20E36536A0006F60F /* OperatorDatabase.h */ = {isa = PBXFileReference; fileEncoding = 4; lastKnownFileType = sourcecode.c.h; name = OperatorDatabase.h; path = ../include/OperatorDatabase.h; sourceTree = SOURCE_ROOT; };
		1AEFAFAE0E34D6D000185CAC /* FVOneDimensional.cpp */ = {isa = PBXFileReference; fileEncoding = 4; lastKnownFileType = sourcecode.cpp.cpp; name = FVOneDimensional.cpp; path = ../src/FVOneDimensional.cpp; sourceTree = SOURCE_ROOT; };
		D2AAC046055464E500DB518D /* libspatialops.a */ = {isa = PBXFileReference; explicitFileType = archive.ar; includeInIndex = 0; path = libspatialops.a; sourceTree = BUILT_PRODUCTS_DIR; };
/* End PBXFileReference section */

/* Begin PBXFrameworksBuildPhase section */
		1A01F1340E2FB4E00060F6BD /* Frameworks */ = {
			isa = PBXFrameworksBuildPhase;
			buildActionMask = 2147483647;
			files = (
				1A4F298B0E2FC19300E819DB /* buildOps.o in Frameworks */,
				1A4F29640E2FC03000E819DB /* libspatialops.a in Frameworks */,
				1A4F29630E2FBFDC00E819DB /* libteuchos.a in Frameworks */,
				1A4F295C0E2FBFAC00E819DB /* libaztecoo.a in Frameworks */,
				1A4F295D0E2FBFAC00E819DB /* libepetra.a in Frameworks */,
				1A4F295E0E2FBFAC00E819DB /* libepetraext.a in Frameworks */,
			);
			runOnlyForDeploymentPostprocessing = 0;
		};
		1A4F29800E2FC13600E819DB /* Frameworks */ = {
			isa = PBXFrameworksBuildPhase;
			buildActionMask = 2147483647;
			files = (
			);
			runOnlyForDeploymentPostprocessing = 0;
		};
		1A5E77F70E2F9E3D0067740F /* Frameworks */ = {
			isa = PBXFrameworksBuildPhase;
			buildActionMask = 2147483647;
			files = (
				1A4F29890E2FC18C00E819DB /* buildOps.o in Frameworks */,
				1A4F297A0E2FC11F00E819DB /* libaztecoo.a in Frameworks */,
				1A4F297B0E2FC11F00E819DB /* libteuchos.a in Frameworks */,
				1A4F297C0E2FC11F00E819DB /* libepetra.a in Frameworks */,
				1A4F297D0E2FC11F00E819DB /* libepetraext.a in Frameworks */,
				1A4F297E0E2FC11F00E819DB /* libspatialops.a in Frameworks */,
			);
			runOnlyForDeploymentPostprocessing = 0;
		};
		1A5E78170E2F9E960067740F /* Frameworks */ = {
			isa = PBXFrameworksBuildPhase;
			buildActionMask = 2147483647;
			files = (
				1A4F298A0E2FC18E00E819DB /* buildOps.o in Frameworks */,
				1A4F29750E2FC11700E819DB /* libaztecoo.a in Frameworks */,
				1A4F29760E2FC11700E819DB /* libteuchos.a in Frameworks */,
				1A4F29770E2FC11700E819DB /* libepetra.a in Frameworks */,
				1A4F29780E2FC11700E819DB /* libepetraext.a in Frameworks */,
				1A4F29790E2FC11700E819DB /* libspatialops.a in Frameworks */,
			);
			runOnlyForDeploymentPostprocessing = 0;
		};
		1A7F84390E3127F100A61671 /* Frameworks */ = {
			isa = PBXFrameworksBuildPhase;
			buildActionMask = 2147483647;
			files = (
			);
			runOnlyForDeploymentPostprocessing = 0;
		};
		1A7F845D0E312B6B00A61671 /* Frameworks */ = {
			isa = PBXFrameworksBuildPhase;
			buildActionMask = 2147483647;
			files = (
				1A7F84660E312BA600A61671 /* libaztecoo.a in Frameworks */,
				1A7F84670E312BA600A61671 /* libteuchos.a in Frameworks */,
				1A7F84680E312BA600A61671 /* libepetra.a in Frameworks */,
				1A7F84690E312BA600A61671 /* libepetraext.a in Frameworks */,
				1A7F84650E312B8900A61671 /* libspatialops.a in Frameworks */,
			);
			runOnlyForDeploymentPostprocessing = 0;
		};
		D289987405E68DCB004EDB86 /* Frameworks */ = {
			isa = PBXFrameworksBuildPhase;
			buildActionMask = 2147483647;
			files = (
			);
			runOnlyForDeploymentPostprocessing = 0;
		};
/* End PBXFrameworksBuildPhase section */

/* Begin PBXGroup section */
		08FB7794FE84155DC02AAC07 /* spatialops */ = {
			isa = PBXGroup;
			children = (
				1A79F2E10E3647DA009BD4C3 /* opStoreTest.cpp */,
				1A4F29590E2FBF9A00E819DB /* libaztecoo.a */,
				1A4F29620E2FBFD700E819DB /* libteuchos.a */,
				1A4F295A0E2FBF9A00E819DB /* libepetra.a */,
				1A4F295B0E2FBF9A00E819DB /* libepetraext.a */,
				1A5E78530E2FA3CB0067740F /* Include */,
				08FB7795FE84155DC02AAC07 /* Source */,
				C6A0FF2B0290797F04C91782 /* Documentation */,
				1AB674ADFE9D54B511CA2CBB /* Products */,
			);
			name = spatialops;
			sourceTree = "<group>";
		};
		08FB7795FE84155DC02AAC07 /* Source */ = {
			isa = PBXGroup;
			children = (
				1AEFAFAE0E34D6D000185CAC /* FVOneDimensional.cpp */,
				1A5E783D0E2FA1BD0067740F /* tests */,
				1A7F84260E3124D300A61671 /* LagrangePoly.cpp */,
				1A5E77800E2F97920067740F /* LinAlgTrilinos.cpp */,
				1A5E77810E2F97920067740F /* LinAlgUBlas.cpp */,
				1A7F847D0E312E1300A61671 /* testOneDim.cpp */,
				1A5E77820E2F97920067740F /* LinearSystem.cpp */,
			);
			name = Source;
			sourceTree = "<group>";
		};
		1A5E783D0E2FA1BD0067740F /* tests */ = {
			isa = PBXGroup;
			children = (
				1A01F0D80E2FA8510060F6BD /* buildOps.h */,
				1A01F0D90E2FA8510060F6BD /* Functions.h */,
				1A01F0DA0E2FA8510060F6BD /* Grid.h */,
				1A7F84370E3127CD00A61671 /* testLagrange.cpp */,
				1A5E781D0E2F9EAB0067740F /* testPoisson.cpp */,
				1A5E77FD0E2F9E530067740F /* buildOps.cpp */,
				1A5E78010E2F9E530067740F /* testNew.cpp */,
				1A5E783E0E2FA1D60067740F /* bcTest.cpp */,
			);
			name = tests;
			sourceTree = "<group>";
		};
		1A5E78530E2FA3CB0067740F /* Include */ = {
			isa = PBXGroup;
			children = (
				1AB3ABE20E36536A0006F60F /* OperatorDatabase.h */,
				1A7F84290E3124F400A61671 /* LagrangePoly.h */,
				1A01F0DC0E2FA88C0060F6BD /* FieldFunctions.h */,
				1A5E77890E2F97A10067740F /* FVStaggered.h */,
				1A5E778A0E2F97A10067740F /* FVStaggeredBCTools.h */,
				1A5E778B0E2F97A10067740F /* FVStaggeredDivergence.h */,
				1A5E778C0E2F97A10067740F /* FVStaggeredGradient.h */,
				1A5E778D0E2F97A10067740F /* FVStaggeredIndexHelper.h */,
				1A5E778E0E2F97A10067740F /* FVStaggeredInterpolant.h */,
				1A5E778F0E2F97A10067740F /* FVStaggeredScratch.h */,
				1A5E77900E2F97A10067740F /* FVStaggeredTools.h */,
				1A136B270E34D73800223ECC /* FVOneDimensional.h */,
				1A5E77910E2F97A10067740F /* FVStaggeredTypes.h */,
				1A5E77920E2F97A10067740F /* LinAlgTrilinos.h */,
				1A5E77930E2F97A10067740F /* LinAlgUBlas.h */,
				1A5E77940E2F97A10067740F /* LinearSystem.h */,
				1A5E77950E2F97A10067740F /* SFIterator.h */,
				1A5E77960E2F97A10067740F /* SpatialField.h */,
				1A5E77970E2F97A10067740F /* SpatialFieldStore.h */,
				1A5E77980E2F97A10067740F /* SpatialOperator.h */,
				1A5E77990E2F97A10067740F /* SpatialOpsDefs.h */,
				1A5E779A0E2F97A10067740F /* SpatialOpsTools.h */,
			);
			name = Include;
			sourceTree = "<group>";
		};
		1AB674ADFE9D54B511CA2CBB /* Products */ = {
			isa = PBXGroup;
			children = (
				D2AAC046055464E500DB518D /* libspatialops.a */,
				1A5E77F90E2F9E3D0067740F /* test */,
				1A5E78190E2F9E960067740F /* poisson */,
				1A01F1380E2FB4E00060F6BD /* simplebc */,
				1A4F29820E2FC13600E819DB /* buildOps.o */,
				1A7F843B0E3127F100A61671 /* testLagrange */,
				1A7F845F0E312B6B00A61671 /* testOneDim */,
			);
			name = Products;
			sourceTree = "<group>";
		};
		C6A0FF2B0290797F04C91782 /* Documentation */ = {
			isa = PBXGroup;
			children = (
			);
			name = Documentation;
			sourceTree = "<group>";
		};
/* End PBXGroup section */

/* Begin PBXHeadersBuildPhase section */
		D2AAC043055464E500DB518D /* Headers */ = {
			isa = PBXHeadersBuildPhase;
			buildActionMask = 2147483647;
			files = (
				1AB3ABFE0E3653880006F60F /* OperatorDatabase.h in Headers */,
				1A9AF7F00E2FCC04003E8A7D /* FieldFunctions.h in Headers */,
				1A9AF7F10E2FCC04003E8A7D /* FVStaggered.h in Headers */,
				1A9AF7F20E2FCC04003E8A7D /* FVStaggeredBCTools.h in Headers */,
				1A9AF7F30E2FCC04003E8A7D /* FVStaggeredDivergence.h in Headers */,
				1A9AF7F40E2FCC04003E8A7D /* FVStaggeredGradient.h in Headers */,
				1A9AF7F50E2FCC04003E8A7D /* FVStaggeredIndexHelper.h in Headers */,
				1A9AF7F60E2FCC04003E8A7D /* FVStaggeredInterpolant.h in Headers */,
				1A9AF7F70E2FCC04003E8A7D /* FVStaggeredScratch.h in Headers */,
				1A9AF7F80E2FCC04003E8A7D /* FVStaggeredTools.h in Headers */,
				1A9AF7F90E2FCC04003E8A7D /* FVStaggeredTypes.h in Headers */,
				1A9AF7FA0E2FCC04003E8A7D /* LinAlgTrilinos.h in Headers */,
				1A9AF7FB0E2FCC04003E8A7D /* LinAlgUBlas.h in Headers */,
				1A9AF7FC0E2FCC04003E8A7D /* LinearSystem.h in Headers */,
				1A9AF7FD0E2FCC04003E8A7D /* SFIterator.h in Headers */,
				1A9AF7FE0E2FCC04003E8A7D /* SpatialField.h in Headers */,
				1A9AF7FF0E2FCC04003E8A7D /* SpatialFieldStore.h in Headers */,
				1A9AF8000E2FCC04003E8A7D /* SpatialOperator.h in Headers */,
				1A9AF8010E2FCC04003E8A7D /* SpatialOpsDefs.h in Headers */,
				1A9AF8020E2FCC04003E8A7D /* SpatialOpsTools.h in Headers */,
				1A136B280E34D73800223ECC /* FVOneDimensional.h in Headers */,
			);
			runOnlyForDeploymentPostprocessing = 0;
		};
/* End PBXHeadersBuildPhase section */

/* Begin PBXNativeTarget section */
		1A01F12E0E2FB4E00060F6BD /* simplebc */ = {
			isa = PBXNativeTarget;
			buildConfigurationList = 1A01F1350E2FB4E00060F6BD /* Build configuration list for PBXNativeTarget "simplebc" */;
			buildPhases = (
				1A01F1310E2FB4E00060F6BD /* Sources */,
				1A01F1340E2FB4E00060F6BD /* Frameworks */,
			);
			buildRules = (
			);
			dependencies = (
				1A01F12F0E2FB4E00060F6BD /* PBXTargetDependency */,
				1A4F29960E2FC21E00E819DB /* PBXTargetDependency */,
			);
			name = simplebc;
			productName = test;
			productReference = 1A01F1380E2FB4E00060F6BD /* simplebc */;
			productType = "com.apple.product-type.tool";
		};
		1A4F29810E2FC13600E819DB /* buildOps */ = {
			isa = PBXNativeTarget;
			buildConfigurationList = 1A4F298C0E2FC1B300E819DB /* Build configuration list for PBXNativeTarget "buildOps" */;
			buildPhases = (
				1A4F297F0E2FC13600E819DB /* Sources */,
				1A4F29800E2FC13600E819DB /* Frameworks */,
			);
			buildRules = (
			);
			dependencies = (
			);
			name = buildOps;
			productName = buildOps;
			productReference = 1A4F29820E2FC13600E819DB /* buildOps.o */;
			productType = "com.apple.product-type.objfile";
		};
		1A5E77F80E2F9E3D0067740F /* test */ = {
			isa = PBXNativeTarget;
			buildConfigurationList = 1A5E78070E2F9E530067740F /* Build configuration list for PBXNativeTarget "test" */;
			buildPhases = (
				1A5E77F60E2F9E3D0067740F /* Sources */,
				1A5E77F70E2F9E3D0067740F /* Frameworks */,
			);
			buildRules = (
			);
			dependencies = (
				1A4F29910E2FC1F700E819DB /* PBXTargetDependency */,
				1A4F29930E2FC1F700E819DB /* PBXTargetDependency */,
			);
			name = test;
			productName = test;
			productReference = 1A5E77F90E2F9E3D0067740F /* test */;
			productType = "com.apple.product-type.tool";
		};
		1A5E78180E2F9E960067740F /* poisson */ = {
			isa = PBXNativeTarget;
			buildConfigurationList = 1A5E781F0E2F9EAB0067740F /* Build configuration list for PBXNativeTarget "poisson" */;
			buildPhases = (
				1A5E78160E2F9E960067740F /* Sources */,
				1A5E78170E2F9E960067740F /* Frameworks */,
			);
			buildRules = (
			);
			dependencies = (
				1A5E78220E2F9ECA0067740F /* PBXTargetDependency */,
				1A4F29980E2FC22500E819DB /* PBXTargetDependency */,
			);
			name = poisson;
			productName = poisson;
			productReference = 1A5E78190E2F9E960067740F /* poisson */;
			productType = "com.apple.product-type.tool";
		};
		1A7F843A0E3127F100A61671 /* testLagrange */ = {
			isa = PBXNativeTarget;
			buildConfigurationList = 1A7F84430E31283C00A61671 /* Build configuration list for PBXNativeTarget "testLagrange" */;
			buildPhases = (
				1A7F84380E3127F100A61671 /* Sources */,
				1A7F84390E3127F100A61671 /* Frameworks */,
			);
			buildRules = (
			);
			dependencies = (
			);
			name = testLagrange;
			productName = testLagrange;
			productReference = 1A7F843B0E3127F100A61671 /* testLagrange */;
			productType = "com.apple.product-type.tool";
		};
		1A7F845E0E312B6B00A61671 /* testOneDim */ = {
			isa = PBXNativeTarget;
			buildConfigurationList = 1A7F84730E312BC600A61671 /* Build configuration list for PBXNativeTarget "testOneDim" */;
			buildPhases = (
				1A7F845C0E312B6B00A61671 /* Sources */,
				1A7F845D0E312B6B00A61671 /* Frameworks */,
			);
			buildRules = (
			);
			dependencies = (
				1A7F84640E312B7600A61671 /* PBXTargetDependency */,
			);
			name = testOneDim;
			productName = testOneDim;
			productReference = 1A7F845F0E312B6B00A61671 /* testOneDim */;
			productType = "com.apple.product-type.tool";
		};
		D2AAC045055464E500DB518D /* spatialops */ = {
			isa = PBXNativeTarget;
			buildConfigurationList = 1DEB91EB08733DB70010E9CD /* Build configuration list for PBXNativeTarget "spatialops" */;
			buildPhases = (
				D2AAC043055464E500DB518D /* Headers */,
				D2AAC044055464E500DB518D /* Sources */,
				D289987405E68DCB004EDB86 /* Frameworks */,
			);
			buildRules = (
			);
			dependencies = (
			);
			name = spatialops;
			productName = spatialops;
			productReference = D2AAC046055464E500DB518D /* libspatialops.a */;
			productType = "com.apple.product-type.library.static";
		};
/* End PBXNativeTarget section */

/* Begin PBXProject section */
		08FB7793FE84155DC02AAC07 /* Project object */ = {
			isa = PBXProject;
			attributes = {
				BuildIndependentTargetsInParallel = YES;
			};
			buildConfigurationList = 1DEB91EF08733DB70010E9CD /* Build configuration list for PBXProject "spatialops" */;
			compatibilityVersion = "Xcode 3.0";
			hasScannedForEncodings = 1;
			mainGroup = 08FB7794FE84155DC02AAC07 /* spatialops */;
			projectDirPath = "";
			projectRoot = "";
			targets = (
				1A01F13F0E2FB57A0060F6BD /* test executables */,
				D2AAC045055464E500DB518D /* spatialops */,
				1A5E77F80E2F9E3D0067740F /* test */,
				1A5E78180E2F9E960067740F /* poisson */,
				1A01F12E0E2FB4E00060F6BD /* simplebc */,
				1A4F29810E2FC13600E819DB /* buildOps */,
				1A7F843A0E3127F100A61671 /* testLagrange */,
				1A7F845E0E312B6B00A61671 /* testOneDim */,
			);
		};
/* End PBXProject section */

/* Begin PBXSourcesBuildPhase section */
		1A01F1310E2FB4E00060F6BD /* Sources */ = {
			isa = PBXSourcesBuildPhase;
			buildActionMask = 2147483647;
			files = (
				1A01F13C0E2FB51C0060F6BD /* bcTest.cpp in Sources */,
			);
			runOnlyForDeploymentPostprocessing = 0;
		};
		1A4F297F0E2FC13600E819DB /* Sources */ = {
			isa = PBXSourcesBuildPhase;
			buildActionMask = 2147483647;
			files = (
				1A4F29860E2FC16100E819DB /* buildOps.cpp in Sources */,
			);
			runOnlyForDeploymentPostprocessing = 0;
		};
		1A5E77F60E2F9E3D0067740F /* Sources */ = {
			isa = PBXSourcesBuildPhase;
			buildActionMask = 2147483647;
			files = (
				1A5E78410E2FA2130067740F /* testNew.cpp in Sources */,
			);
			runOnlyForDeploymentPostprocessing = 0;
		};
		1A5E78160E2F9E960067740F /* Sources */ = {
			isa = PBXSourcesBuildPhase;
			buildActionMask = 2147483647;
			files = (
				1A5E781E0E2F9EAB0067740F /* testPoisson.cpp in Sources */,
			);
			runOnlyForDeploymentPostprocessing = 0;
		};
		1A7F84380E3127F100A61671 /* Sources */ = {
			isa = PBXSourcesBuildPhase;
			buildActionMask = 2147483647;
			files = (
				1A7F84460E3128A100A61671 /* LagrangePoly.cpp in Sources */,
				1A7F843F0E31280A00A61671 /* testLagrange.cpp in Sources */,
			);
			runOnlyForDeploymentPostprocessing = 0;
		};
		1A7F845C0E312B6B00A61671 /* Sources */ = {
			isa = PBXSourcesBuildPhase;
			buildActionMask = 2147483647;
			files = (
				1A7F847E0E312E1300A61671 /* testOneDim.cpp in Sources */,
			);
			runOnlyForDeploymentPostprocessing = 0;
		};
		D2AAC044055464E500DB518D /* Sources */ = {
			isa = PBXSourcesBuildPhase;
			buildActionMask = 2147483647;
			files = (
				1A5E77830E2F97920067740F /* LinAlgTrilinos.cpp in Sources */,
				1A5E77840E2F97920067740F /* LinAlgUBlas.cpp in Sources */,
				1A5E77850E2F97920067740F /* LinearSystem.cpp in Sources */,
				1A7F84280E3124DF00A61671 /* LagrangePoly.cpp in Sources */,
				1AEFAFAF0E34D6D000185CAC /* FVOneDimensional.cpp in Sources */,
			);
			runOnlyForDeploymentPostprocessing = 0;
		};
/* End PBXSourcesBuildPhase section */

/* Begin PBXTargetDependency section */
		1A01F12F0E2FB4E00060F6BD /* PBXTargetDependency */ = {
			isa = PBXTargetDependency;
			target = D2AAC045055464E500DB518D /* spatialops */;
			targetProxy = 1A01F1300E2FB4E00060F6BD /* PBXContainerItemProxy */;
		};
		1A01F1440E2FB59C0060F6BD /* PBXTargetDependency */ = {
			isa = PBXTargetDependency;
			target = 1A5E77F80E2F9E3D0067740F /* test */;
			targetProxy = 1A01F1430E2FB59C0060F6BD /* PBXContainerItemProxy */;
		};
		1A01F1460E2FB59C0060F6BD /* PBXTargetDependency */ = {
			isa = PBXTargetDependency;
			target = 1A5E78180E2F9E960067740F /* poisson */;
			targetProxy = 1A01F1450E2FB59C0060F6BD /* PBXContainerItemProxy */;
		};
		1A01F1480E2FB59C0060F6BD /* PBXTargetDependency */ = {
			isa = PBXTargetDependency;
			target = 1A01F12E0E2FB4E00060F6BD /* simplebc */;
			targetProxy = 1A01F1470E2FB59C0060F6BD /* PBXContainerItemProxy */;
		};
		1A4F29910E2FC1F700E819DB /* PBXTargetDependency */ = {
			isa = PBXTargetDependency;
			target = D2AAC045055464E500DB518D /* spatialops */;
			targetProxy = 1A4F29900E2FC1F700E819DB /* PBXContainerItemProxy */;
		};
		1A4F29930E2FC1F700E819DB /* PBXTargetDependency */ = {
			isa = PBXTargetDependency;
			target = 1A4F29810E2FC13600E819DB /* buildOps */;
			targetProxy = 1A4F29920E2FC1F700E819DB /* PBXContainerItemProxy */;
		};
		1A4F29960E2FC21E00E819DB /* PBXTargetDependency */ = {
			isa = PBXTargetDependency;
			target = 1A4F29810E2FC13600E819DB /* buildOps */;
			targetProxy = 1A4F29950E2FC21E00E819DB /* PBXContainerItemProxy */;
		};
		1A4F29980E2FC22500E819DB /* PBXTargetDependency */ = {
			isa = PBXTargetDependency;
			target = 1A4F29810E2FC13600E819DB /* buildOps */;
			targetProxy = 1A4F29970E2FC22500E819DB /* PBXContainerItemProxy */;
		};
		1A5E78220E2F9ECA0067740F /* PBXTargetDependency */ = {
			isa = PBXTargetDependency;
			target = D2AAC045055464E500DB518D /* spatialops */;
			targetProxy = 1A5E78210E2F9ECA0067740F /* PBXContainerItemProxy */;
		};
		1A7F84410E31281E00A61671 /* PBXTargetDependency */ = {
			isa = PBXTargetDependency;
			target = 1A7F843A0E3127F100A61671 /* testLagrange */;
			targetProxy = 1A7F84400E31281E00A61671 /* PBXContainerItemProxy */;
		};
		1A7F84640E312B7600A61671 /* PBXTargetDependency */ = {
			isa = PBXTargetDependency;
			target = D2AAC045055464E500DB518D /* spatialops */;
			targetProxy = 1A7F84630E312B7600A61671 /* PBXContainerItemProxy */;
		};
		1A7F846C0E312BB300A61671 /* PBXTargetDependency */ = {
			isa = PBXTargetDependency;
			target = 1A7F845E0E312B6B00A61671 /* testOneDim */;
			targetProxy = 1A7F846B0E312BB300A61671 /* PBXContainerItemProxy */;
		};
/* End PBXTargetDependency section */

/* Begin XCBuildConfiguration section */
		1A01F1360E2FB4E00060F6BD /* Debug */ = {
			isa = XCBuildConfiguration;
			buildSettings = {
				COPY_PHASE_STRIP = NO;
				GCC_DYNAMIC_NO_PIC = NO;
				GCC_ENABLE_FIX_AND_CONTINUE = YES;
				GCC_MODEL_TUNING = G5;
				GCC_OPTIMIZATION_LEVEL = 0;
				GCC_TREAT_WARNINGS_AS_ERRORS = YES;
				GCC_WARN_ABOUT_INVALID_OFFSETOF_MACRO = NO;
				GCC_WARN_PROTOTYPE_CONVERSION = YES;
				GCC_WARN_SIGN_COMPARE = YES;
				GCC_WARN_TYPECHECK_CALLS_TO_PRINTF = YES;
				INSTALL_PATH = /usr/local/bin;
				LIBRARY_SEARCH_PATHS = (
					"/sw/lib/gcc-lib/i386-apple-darwin8/4.0.3",
					/jcs/software/trilinos/lib,
					/jcs/software/trilinos_opt/lib,
				);
				OTHER_LDFLAGS = (
					"-lblas",
					"-llapack",
					"-lf95",
				);
				PREBINDING = NO;
				PRODUCT_NAME = simplebc;
				ZERO_LINK = YES;
			};
			name = Debug;
		};
		1A01F1370E2FB4E00060F6BD /* Release */ = {
			isa = XCBuildConfiguration;
			buildSettings = {
				COPY_PHASE_STRIP = YES;
				DEBUG_INFORMATION_FORMAT = "dwarf-with-dsym";
				GCC_ENABLE_FIX_AND_CONTINUE = NO;
				GCC_MODEL_TUNING = G5;
				GCC_TREAT_WARNINGS_AS_ERRORS = YES;
				GCC_WARN_ABOUT_INVALID_OFFSETOF_MACRO = NO;
				GCC_WARN_PROTOTYPE_CONVERSION = YES;
				GCC_WARN_SIGN_COMPARE = YES;
				GCC_WARN_TYPECHECK_CALLS_TO_PRINTF = YES;
				INSTALL_PATH = /usr/local/bin;
				LIBRARY_SEARCH_PATHS = (
					"/sw/lib/gcc-lib/i386-apple-darwin8/4.0.3",
					/jcs/software/trilinos/lib,
					/jcs/software/trilinos_opt/lib,
				);
				OTHER_LDFLAGS = (
					"-lblas",
					"-llapack",
					"-lf95",
				);
				PREBINDING = NO;
				PRODUCT_NAME = simplebc;
				ZERO_LINK = NO;
			};
			name = Release;
		};
		1A01F1400E2FB57A0060F6BD /* Debug */ = {
			isa = XCBuildConfiguration;
			buildSettings = {
				COPY_PHASE_STRIP = NO;
				GCC_DYNAMIC_NO_PIC = NO;
				GCC_OPTIMIZATION_LEVEL = 0;
				PRODUCT_NAME = "test executables";
			};
			name = Debug;
		};
		1A01F1410E2FB57A0060F6BD /* Release */ = {
			isa = XCBuildConfiguration;
			buildSettings = {
				COPY_PHASE_STRIP = YES;
				DEBUG_INFORMATION_FORMAT = "dwarf-with-dsym";
				GCC_ENABLE_FIX_AND_CONTINUE = NO;
				PRODUCT_NAME = "test executables";
				ZERO_LINK = NO;
			};
			name = Release;
		};
		1A4F29830E2FC13600E819DB /* Debug */ = {
			isa = XCBuildConfiguration;
			buildSettings = {
				COPY_PHASE_STRIP = NO;
				GCC_DYNAMIC_NO_PIC = NO;
				GCC_MODEL_TUNING = G5;
				GCC_OPTIMIZATION_LEVEL = 0;
				INSTALL_PATH = /usr/local/lib;
				PREBINDING = NO;
				PRODUCT_NAME = buildOps;
			};
			name = Debug;
		};
		1A4F29840E2FC13600E819DB /* Release */ = {
			isa = XCBuildConfiguration;
			buildSettings = {
				COPY_PHASE_STRIP = YES;
				DEBUG_INFORMATION_FORMAT = "dwarf-with-dsym";
				GCC_ENABLE_FIX_AND_CONTINUE = NO;
				GCC_MODEL_TUNING = G5;
				INSTALL_PATH = /usr/local/lib;
				PREBINDING = NO;
				PRODUCT_NAME = buildOps;
				ZERO_LINK = NO;
			};
			name = Release;
		};
		1A5E77FB0E2F9E3D0067740F /* Debug */ = {
			isa = XCBuildConfiguration;
			buildSettings = {
				COPY_PHASE_STRIP = NO;
				GCC_DYNAMIC_NO_PIC = NO;
				GCC_ENABLE_FIX_AND_CONTINUE = YES;
				GCC_MODEL_TUNING = G5;
				GCC_OPTIMIZATION_LEVEL = 0;
				GCC_TREAT_WARNINGS_AS_ERRORS = YES;
				GCC_WARN_ABOUT_INVALID_OFFSETOF_MACRO = NO;
				GCC_WARN_PROTOTYPE_CONVERSION = YES;
				GCC_WARN_SIGN_COMPARE = YES;
				GCC_WARN_TYPECHECK_CALLS_TO_PRINTF = YES;
				INSTALL_PATH = /usr/local/bin;
				LIBRARY_SEARCH_PATHS = (
					"/sw/lib/gcc-lib/i386-apple-darwin8/4.0.3",
					/jcs/software/trilinos/lib,
					/jcs/software/trilinos_opt/lib,
				);
				OTHER_LDFLAGS = (
					"-lblas",
					"-llapack",
					"-lf95",
				);
				PREBINDING = NO;
				PRODUCT_NAME = test;
				ZERO_LINK = YES;
			};
			name = Debug;
		};
		1A5E77FC0E2F9E3D0067740F /* Release */ = {
			isa = XCBuildConfiguration;
			buildSettings = {
				COPY_PHASE_STRIP = YES;
				DEBUG_INFORMATION_FORMAT = "dwarf-with-dsym";
				GCC_ENABLE_FIX_AND_CONTINUE = NO;
				GCC_MODEL_TUNING = G5;
				GCC_TREAT_WARNINGS_AS_ERRORS = YES;
				GCC_WARN_ABOUT_INVALID_OFFSETOF_MACRO = NO;
				GCC_WARN_PROTOTYPE_CONVERSION = YES;
				GCC_WARN_SIGN_COMPARE = YES;
				GCC_WARN_TYPECHECK_CALLS_TO_PRINTF = YES;
				INSTALL_PATH = /usr/local/bin;
				LIBRARY_SEARCH_PATHS = (
					"/sw/lib/gcc-lib/i386-apple-darwin8/4.0.3",
					/jcs/software/trilinos/lib,
					/jcs/software/trilinos_opt/lib,
				);
				OTHER_LDFLAGS = (
					"-lblas",
					"-llapack",
					"-lf95",
				);
				PREBINDING = NO;
				PRODUCT_NAME = test;
				ZERO_LINK = NO;
			};
			name = Release;
		};
		1A5E781B0E2F9E960067740F /* Debug */ = {
			isa = XCBuildConfiguration;
			buildSettings = {
				COPY_PHASE_STRIP = NO;
				GCC_DYNAMIC_NO_PIC = NO;
				GCC_ENABLE_FIX_AND_CONTINUE = YES;
				GCC_MODEL_TUNING = "";
				GCC_OPTIMIZATION_LEVEL = 0;
				GCC_TREAT_IMPLICIT_FUNCTION_DECLARATIONS_AS_ERRORS = YES;
				GCC_TREAT_WARNINGS_AS_ERRORS = YES;
				GCC_WARN_PROTOTYPE_CONVERSION = YES;
				GCC_WARN_SIGN_COMPARE = YES;
				GCC_WARN_UNUSED_VALUE = NO;
				HEADER_SEARCH_PATHS = (
					"/jcs/software/daixtrose-0.0.3/jcs_install/include",
					/jcs/software/boost_1_35_0,
					/jcs/software/trilinos/include,
				);
				INSTALL_PATH = /usr/local/bin;
				LIBRARY_SEARCH_PATHS = (
					"/sw/lib/gcc-lib/i386-apple-darwin8/4.0.3",
					/jcs/software/trilinos/lib,
					/jcs/software/trilinos_opt/lib,
				);
				OTHER_LDFLAGS = (
					"-lblas",
					"-llapack",
					"-lf95",
				);
				PREBINDING = NO;
				PRODUCT_NAME = poisson;
				ZERO_LINK = YES;
			};
			name = Debug;
		};
		1A5E781C0E2F9E960067740F /* Release */ = {
			isa = XCBuildConfiguration;
			buildSettings = {
				COPY_PHASE_STRIP = YES;
				DEBUG_INFORMATION_FORMAT = "dwarf-with-dsym";
				GCC_ENABLE_FIX_AND_CONTINUE = NO;
				GCC_MODEL_TUNING = "";
				GCC_TREAT_IMPLICIT_FUNCTION_DECLARATIONS_AS_ERRORS = YES;
				GCC_TREAT_WARNINGS_AS_ERRORS = YES;
				GCC_WARN_PROTOTYPE_CONVERSION = YES;
				GCC_WARN_SIGN_COMPARE = YES;
				GCC_WARN_UNUSED_VALUE = NO;
				HEADER_SEARCH_PATHS = (
					"/jcs/software/daixtrose-0.0.3/jcs_install/include",
					/jcs/software/boost_1_35_0,
					/jcs/software/trilinos/include,
				);
				INSTALL_PATH = /usr/local/bin;
				LIBRARY_SEARCH_PATHS = (
					"/sw/lib/gcc-lib/i386-apple-darwin8/4.0.3",
					/jcs/software/trilinos/lib,
					/jcs/software/trilinos_opt/lib,
				);
				OTHER_LDFLAGS = (
					"-lblas",
					"-llapack",
					"-lf95",
				);
				PREBINDING = NO;
				PRODUCT_NAME = poisson;
				ZERO_LINK = NO;
			};
			name = Release;
		};
		1A7F843D0E3127F200A61671 /* Debug */ = {
			isa = XCBuildConfiguration;
			buildSettings = {
				ALWAYS_SEARCH_USER_PATHS = NO;
				COPY_PHASE_STRIP = NO;
				GCC_DYNAMIC_NO_PIC = NO;
				GCC_ENABLE_FIX_AND_CONTINUE = YES;
				GCC_MODEL_TUNING = G5;
				GCC_OPTIMIZATION_LEVEL = 0;
				HEADER_SEARCH_PATHS = (
					../include,
					"/jcs/software/daixtrose-0.0.3/jcs_install/include",
					/jcs/software/boost_1_35_0,
					/jcs/software/trilinos/include,
				);
				INSTALL_PATH = /usr/local/bin;
				PREBINDING = NO;
				PRODUCT_NAME = testLagrange;
			};
			name = Debug;
		};
		1A7F843E0E3127F200A61671 /* Release */ = {
			isa = XCBuildConfiguration;
			buildSettings = {
				ALWAYS_SEARCH_USER_PATHS = NO;
				COPY_PHASE_STRIP = YES;
				DEBUG_INFORMATION_FORMAT = "dwarf-with-dsym";
				GCC_ENABLE_FIX_AND_CONTINUE = NO;
				GCC_MODEL_TUNING = G5;
				HEADER_SEARCH_PATHS = (
					../include,
					"/jcs/software/daixtrose-0.0.3/jcs_install/include",
					/jcs/software/boost_1_35_0,
					/jcs/software/trilinos/include,
				);
				INSTALL_PATH = /usr/local/bin;
				PREBINDING = NO;
				PRODUCT_NAME = testLagrange;
				ZERO_LINK = NO;
			};
			name = Release;
		};
		1A7F84610E312B6B00A61671 /* Debug */ = {
			isa = XCBuildConfiguration;
			buildSettings = {
				ALWAYS_SEARCH_USER_PATHS = NO;
				COPY_PHASE_STRIP = NO;
				GCC_DYNAMIC_NO_PIC = NO;
				GCC_ENABLE_FIX_AND_CONTINUE = YES;
				GCC_MODEL_TUNING = G5;
				GCC_OPTIMIZATION_LEVEL = 0;
				HEADER_SEARCH_PATHS = (
					../test,
					../include,
					"/jcs/software/daixtrose-0.0.3/jcs_install/include",
					/jcs/software/boost_1_35_0,
					/jcs/software/trilinos/include,
				);
				INSTALL_PATH = /usr/local/bin;
				LIBRARY_SEARCH_PATHS = (
					"$(inherited)",
					/jcs/software/trilinos_opt/lib,
				);
				OTHER_LDFLAGS = (
					"-lblas",
					"-llapack",
					"-lf95",
				);
				PREBINDING = NO;
				PRODUCT_NAME = testOneDim;
			};
			name = Debug;
		};
		1A7F84620E312B6B00A61671 /* Release */ = {
			isa = XCBuildConfiguration;
			buildSettings = {
				ALWAYS_SEARCH_USER_PATHS = NO;
				COPY_PHASE_STRIP = YES;
				DEBUG_INFORMATION_FORMAT = "dwarf-with-dsym";
				GCC_ENABLE_FIX_AND_CONTINUE = NO;
				GCC_MODEL_TUNING = G5;
				HEADER_SEARCH_PATHS = (
					../test,
					../include,
					"/jcs/software/daixtrose-0.0.3/jcs_install/include",
					/jcs/software/boost_1_35_0,
					/jcs/software/trilinos/include,
				);
				INSTALL_PATH = /usr/local/bin;
				LIBRARY_SEARCH_PATHS = (
					"$(inherited)",
					/jcs/software/trilinos_opt/lib,
				);
				OTHER_LDFLAGS = (
					"-lblas",
					"-llapack",
					"-lf95",
				);
				PREBINDING = NO;
				PRODUCT_NAME = testOneDim;
				ZERO_LINK = NO;
			};
			name = Release;
		};
		1DEB91EC08733DB70010E9CD /* Debug */ = {
			isa = XCBuildConfiguration;
			buildSettings = {
				COPY_PHASE_STRIP = NO;
				GCC_DYNAMIC_NO_PIC = NO;
				GCC_ENABLE_FIX_AND_CONTINUE = YES;
				GCC_INPUT_FILETYPE = sourcecode.cpp.cpp;
				GCC_MODEL_TUNING = G5;
				GCC_OPTIMIZATION_LEVEL = 0;
				GCC_PREPROCESSOR_DEFINITIONS = (
					BOOST_UBLAS_SHALLOW_ARRAY_ADAPTOR,
					NDEBUG,
					UINTAH_FIELD_TYPES,
				);
				GCC_TREAT_IMPLICIT_FUNCTION_DECLARATIONS_AS_ERRORS = NO;
				GCC_TREAT_NONCONFORMANT_CODE_ERRORS_AS_WARNINGS = NO;
				GCC_TREAT_WARNINGS_AS_ERRORS = YES;
				GCC_WARN_ABOUT_DEPRECATED_FUNCTIONS = NO;
				GCC_WARN_ABOUT_INVALID_OFFSETOF_MACRO = NO;
				GCC_WARN_ABOUT_MISSING_NEWLINE = YES;
				GCC_WARN_ABOUT_MISSING_PROTOTYPES = YES;
				GCC_WARN_ABOUT_POINTER_SIGNEDNESS = YES;
				GCC_WARN_ABOUT_RETURN_TYPE = YES;
				GCC_WARN_ALLOW_INCOMPLETE_PROTOCOL = NO;
				GCC_WARN_CHECK_SWITCH_STATEMENTS = YES;
				GCC_WARN_EFFECTIVE_CPLUSPLUS_VIOLATIONS = NO;
				GCC_WARN_HIDDEN_VIRTUAL_FUNCTIONS = YES;
				GCC_WARN_INHIBIT_ALL_WARNINGS = NO;
				GCC_WARN_INITIALIZER_NOT_FULLY_BRACKETED = YES;
				GCC_WARN_MISSING_PARENTHESES = YES;
				GCC_WARN_NON_VIRTUAL_DESTRUCTOR = YES;
				GCC_WARN_PEDANTIC = NO;
				GCC_WARN_PROTOTYPE_CONVERSION = YES;
				GCC_WARN_SHADOW = NO;
				GCC_WARN_SIGN_COMPARE = YES;
				GCC_WARN_TYPECHECK_CALLS_TO_PRINTF = NO;
				GCC_WARN_UNINITIALIZED_AUTOS = NO;
				GCC_WARN_UNKNOWN_PRAGMAS = YES;
				GCC_WARN_UNUSED_FUNCTION = NO;
				GCC_WARN_UNUSED_LABEL = NO;
				GCC_WARN_UNUSED_PARAMETER = NO;
				GCC_WARN_UNUSED_VALUE = YES;
				GCC_WARN_UNUSED_VARIABLE = NO;
				HEADER_SEARCH_PATHS = (
					"/jcs/software/daixtrose-0.0.3/jcs_install/include",
					/jcs/software/boost_1_35_0,
					/jcs/software/trilinos/include,
				);
				INSTALL_PATH = /usr/local/lib;
				PRODUCT_NAME = spatialops;
				SKIP_INSTALL = YES;
				ZERO_LINK = YES;
			};
			name = Debug;
		};
		1DEB91ED08733DB70010E9CD /* Release */ = {
			isa = XCBuildConfiguration;
			buildSettings = {
				DEBUG_INFORMATION_FORMAT = "dwarf-with-dsym";
				GCC_INPUT_FILETYPE = sourcecode.cpp.cpp;
				GCC_MODEL_TUNING = G5;
				GCC_PREPROCESSOR_DEFINITIONS = (
					BOOST_UBLAS_SHALLOW_ARRAY_ADAPTOR,
					NDEBUG,
					UINTAH_FIELD_TYPES,
				);
				GCC_TREAT_IMPLICIT_FUNCTION_DECLARATIONS_AS_ERRORS = NO;
				GCC_TREAT_NONCONFORMANT_CODE_ERRORS_AS_WARNINGS = NO;
				GCC_TREAT_WARNINGS_AS_ERRORS = YES;
				GCC_WARN_ABOUT_DEPRECATED_FUNCTIONS = YES;
				GCC_WARN_ABOUT_INVALID_OFFSETOF_MACRO = NO;
				GCC_WARN_ABOUT_MISSING_NEWLINE = YES;
				GCC_WARN_ABOUT_MISSING_PROTOTYPES = YES;
				GCC_WARN_ABOUT_POINTER_SIGNEDNESS = YES;
				GCC_WARN_ABOUT_RETURN_TYPE = YES;
				GCC_WARN_ALLOW_INCOMPLETE_PROTOCOL = NO;
				GCC_WARN_CHECK_SWITCH_STATEMENTS = YES;
				GCC_WARN_EFFECTIVE_CPLUSPLUS_VIOLATIONS = NO;
				GCC_WARN_HIDDEN_VIRTUAL_FUNCTIONS = YES;
				GCC_WARN_INHIBIT_ALL_WARNINGS = NO;
				GCC_WARN_INITIALIZER_NOT_FULLY_BRACKETED = YES;
				GCC_WARN_MISSING_PARENTHESES = YES;
				GCC_WARN_NON_VIRTUAL_DESTRUCTOR = YES;
				GCC_WARN_PEDANTIC = NO;
				GCC_WARN_PROTOTYPE_CONVERSION = YES;
				GCC_WARN_SHADOW = NO;
				GCC_WARN_SIGN_COMPARE = YES;
				GCC_WARN_TYPECHECK_CALLS_TO_PRINTF = YES;
				GCC_WARN_UNINITIALIZED_AUTOS = NO;
				GCC_WARN_UNKNOWN_PRAGMAS = NO;
				GCC_WARN_UNUSED_FUNCTION = YES;
				GCC_WARN_UNUSED_LABEL = NO;
				GCC_WARN_UNUSED_PARAMETER = NO;
				GCC_WARN_UNUSED_VALUE = YES;
				GCC_WARN_UNUSED_VARIABLE = NO;
				HEADER_SEARCH_PATHS = (
					"/jcs/software/daixtrose-0.0.3/jcs_install/include",
					/jcs/software/boost_1_35_0,
					/jcs/software/trilinos/include,
				);
				INSTALL_PATH = /usr/local/lib;
				PRODUCT_NAME = spatialops;
				SKIP_INSTALL = YES;
			};
			name = Release;
		};
		1DEB91F008733DB70010E9CD /* Debug */ = {
			isa = XCBuildConfiguration;
			buildSettings = {
				GCC_WARN_ABOUT_MISSING_NEWLINE = YES;
				GCC_WARN_ABOUT_MISSING_PROTOTYPES = YES;
				GCC_WARN_ABOUT_RETURN_TYPE = YES;
				GCC_WARN_CHECK_SWITCH_STATEMENTS = YES;
				GCC_WARN_HIDDEN_VIRTUAL_FUNCTIONS = YES;
				GCC_WARN_INITIALIZER_NOT_FULLY_BRACKETED = YES;
				GCC_WARN_MISSING_PARENTHESES = YES;
				GCC_WARN_NON_VIRTUAL_DESTRUCTOR = YES;
				GCC_WARN_UNUSED_VARIABLE = YES;
				HEADER_SEARCH_PATHS = (
					"/jcs/software/daixtrose-0.0.3/jcs_install/include",
					/jcs/software/boost_1_35_0,
					/jcs/software/trilinos/include,
				);
				LIBRARY_SEARCH_PATHS = "/sw/lib/gcc-lib/i386-apple-darwin8/4.0.3";
				PREBINDING = NO;
				SDKROOT = "$(DEVELOPER_SDK_DIR)/MacOSX10.5.sdk";
				SKIP_INSTALL = YES;
			};
			name = Debug;
		};
		1DEB91F108733DB70010E9CD /* Release */ = {
			isa = XCBuildConfiguration;
			buildSettings = {
				ARCHS = i386;
				GCC_GENERATE_DEBUGGING_SYMBOLS = NO;
				GCC_WARN_ABOUT_MISSING_NEWLINE = YES;
				GCC_WARN_ABOUT_MISSING_PROTOTYPES = YES;
				GCC_WARN_ABOUT_RETURN_TYPE = YES;
				GCC_WARN_CHECK_SWITCH_STATEMENTS = YES;
				GCC_WARN_HIDDEN_VIRTUAL_FUNCTIONS = YES;
				GCC_WARN_INITIALIZER_NOT_FULLY_BRACKETED = YES;
				GCC_WARN_MISSING_PARENTHESES = YES;
				GCC_WARN_NON_VIRTUAL_DESTRUCTOR = YES;
				GCC_WARN_UNUSED_VARIABLE = YES;
				HEADER_SEARCH_PATHS = (
					"/jcs/software/daixtrose-0.0.3/jcs_install/include",
					/jcs/software/boost_1_35_0,
					/jcs/software/trilinos/include,
				);
				LIBRARY_SEARCH_PATHS = "/sw/lib/gcc-lib/i386-apple-darwin8/4.0.3";
				PREBINDING = NO;
				SDKROOT = "$(DEVELOPER_SDK_DIR)/MacOSX10.5.sdk";
				SKIP_INSTALL = YES;
			};
			name = Release;
		};
/* End XCBuildConfiguration section */

/* Begin XCConfigurationList section */
		1A01F1350E2FB4E00060F6BD /* Build configuration list for PBXNativeTarget "simplebc" */ = {
			isa = XCConfigurationList;
			buildConfigurations = (
				1A01F1360E2FB4E00060F6BD /* Debug */,
				1A01F1370E2FB4E00060F6BD /* Release */,
			);
			defaultConfigurationIsVisible = 0;
			defaultConfigurationName = Release;
		};
		1A01F1420E2FB5980060F6BD /* Build configuration list for PBXAggregateTarget "test executables" */ = {
			isa = XCConfigurationList;
			buildConfigurations = (
				1A01F1400E2FB57A0060F6BD /* Debug */,
				1A01F1410E2FB57A0060F6BD /* Release */,
			);
			defaultConfigurationIsVisible = 0;
			defaultConfigurationName = Release;
		};
		1A4F298C0E2FC1B300E819DB /* Build configuration list for PBXNativeTarget "buildOps" */ = {
			isa = XCConfigurationList;
			buildConfigurations = (
				1A4F29830E2FC13600E819DB /* Debug */,
				1A4F29840E2FC13600E819DB /* Release */,
			);
			defaultConfigurationIsVisible = 0;
			defaultConfigurationName = Release;
		};
		1A5E78070E2F9E530067740F /* Build configuration list for PBXNativeTarget "test" */ = {
			isa = XCConfigurationList;
			buildConfigurations = (
				1A5E77FB0E2F9E3D0067740F /* Debug */,
				1A5E77FC0E2F9E3D0067740F /* Release */,
			);
			defaultConfigurationIsVisible = 0;
			defaultConfigurationName = Release;
		};
		1A5E781F0E2F9EAB0067740F /* Build configuration list for PBXNativeTarget "poisson" */ = {
			isa = XCConfigurationList;
			buildConfigurations = (
				1A5E781B0E2F9E960067740F /* Debug */,
				1A5E781C0E2F9E960067740F /* Release */,
			);
			defaultConfigurationIsVisible = 0;
			defaultConfigurationName = Release;
		};
		1A7F84430E31283C00A61671 /* Build configuration list for PBXNativeTarget "testLagrange" */ = {
			isa = XCConfigurationList;
			buildConfigurations = (
				1A7F843D0E3127F200A61671 /* Debug */,
				1A7F843E0E3127F200A61671 /* Release */,
			);
			defaultConfigurationIsVisible = 0;
			defaultConfigurationName = Release;
		};
		1A7F84730E312BC600A61671 /* Build configuration list for PBXNativeTarget "testOneDim" */ = {
			isa = XCConfigurationList;
			buildConfigurations = (
				1A7F84610E312B6B00A61671 /* Debug */,
				1A7F84620E312B6B00A61671 /* Release */,
			);
			defaultConfigurationIsVisible = 0;
			defaultConfigurationName = Release;
		};
		1DEB91EB08733DB70010E9CD /* Build configuration list for PBXNativeTarget "spatialops" */ = {
			isa = XCConfigurationList;
			buildConfigurations = (
				1DEB91EC08733DB70010E9CD /* Debug */,
				1DEB91ED08733DB70010E9CD /* Release */,
			);
			defaultConfigurationIsVisible = 0;
			defaultConfigurationName = Release;
		};
		1DEB91EF08733DB70010E9CD /* Build configuration list for PBXProject "spatialops" */ = {
			isa = XCConfigurationList;
			buildConfigurations = (
				1DEB91F008733DB70010E9CD /* Debug */,
				1DEB91F108733DB70010E9CD /* Release */,
			);
			defaultConfigurationIsVisible = 0;
			defaultConfigurationName = Release;
		};
/* End XCConfigurationList section */
	};
	rootObject = 08FB7793FE84155DC02AAC07 /* Project object */;
}
